
Microsoft Visual Studio Solution File, Format Version 12.00
# Visual Studio Version 17
VisualStudioVersion = 17.0.32112.339
MinimumVisualStudioVersion = 10.0.40219.1
Project("{FAE04EC0-301F-11D3-BF4B-00C04F79EFBC}") = "ulprParnaya4", "ulprParnaya4\ulprParnaya4.csproj", "{E97A4AC0-99E3-4569-9E3F-6DF631E71ABE}"
EndProject
Global
	GlobalSection(SolutionConfigurationPlatforms) = preSolution
		Debug|Any CPU = Debug|Any CPU
		Release|Any CPU = Release|Any CPU
	EndGlobalSection
	GlobalSection(ProjectConfigurationPlatforms) = postSolution
		{E97A4AC0-99E3-4569-9E3F-6DF631E71ABE}.Debug|Any CPU.ActiveCfg = Debug|Any CPU
		{E97A4AC0-99E3-4569-9E3F-6DF631E71ABE}.Debug|Any CPU.Build.0 = Debug|Any CPU
		{E97A4AC0-99E3-4569-9E3F-6DF631E71ABE}.Release|Any CPU.ActiveCfg = Release|Any CPU
		{E97A4AC0-99E3-4569-9E3F-6DF631E71ABE}.Release|Any CPU.Build.0 = Release|Any CPU
	EndGlobalSection
	GlobalSection(SolutionProperties) = preSolution
		HideSolutionNode = FALSE
	EndGlobalSection
	GlobalSection(ExtensibilityGlobals) = postSolution
		SolutionGuid = {DFFFC325-62F4-4742-AB60-4DB02C309A1C}
	EndGlobalSection
EndGlobal
