
Microsoft Visual Studio Solution File, Format Version 12.00
# Visual Studio Version 17
VisualStudioVersion = 17.0.32112.339
MinimumVisualStudioVersion = 10.0.40219.1
Project("{FAE04EC0-301F-11D3-BF4B-00C04F79EFBC}") = "ulprParnaya1", "ulprParnaya1\ulprParnaya1.csproj", "{8EA30B3E-9B90-4A41-9289-2757B9F6178E}"
EndProject
Global
	GlobalSection(SolutionConfigurationPlatforms) = preSolution
		Debug|Any CPU = Debug|Any CPU
		Release|Any CPU = Release|Any CPU
	EndGlobalSection
	GlobalSection(ProjectConfigurationPlatforms) = postSolution
		{8EA30B3E-9B90-4A41-9289-2757B9F6178E}.Debug|Any CPU.ActiveCfg = Debug|Any CPU
		{8EA30B3E-9B90-4A41-9289-2757B9F6178E}.Debug|Any CPU.Build.0 = Debug|Any CPU
		{8EA30B3E-9B90-4A41-9289-2757B9F6178E}.Release|Any CPU.ActiveCfg = Release|Any CPU
		{8EA30B3E-9B90-4A41-9289-2757B9F6178E}.Release|Any CPU.Build.0 = Release|Any CPU
	EndGlobalSection
	GlobalSection(SolutionProperties) = preSolution
		HideSolutionNode = FALSE
	EndGlobalSection
	GlobalSection(ExtensibilityGlobals) = postSolution
		SolutionGuid = {A02A47FA-CDCE-4825-9D10-F7847E1C6EC2}
	EndGlobalSection
EndGlobal
