
Microsoft Visual Studio Solution File, Format Version 12.00
# Visual Studio Version 17
VisualStudioVersion = 17.0.32112.339
MinimumVisualStudioVersion = 10.0.40219.1
Project("{FAE04EC0-301F-11D3-BF4B-00C04F79EFBC}") = "ulpr 3", "ulpr 3\ulpr 3.csproj", "{F7DA23AF-9F1E-441A-8CCC-1A58219C349E}"
EndProject
Global
	GlobalSection(SolutionConfigurationPlatforms) = preSolution
		Debug|Any CPU = Debug|Any CPU
		Release|Any CPU = Release|Any CPU
	EndGlobalSection
	GlobalSection(ProjectConfigurationPlatforms) = postSolution
		{F7DA23AF-9F1E-441A-8CCC-1A58219C349E}.Debug|Any CPU.ActiveCfg = Debug|Any CPU
		{F7DA23AF-9F1E-441A-8CCC-1A58219C349E}.Debug|Any CPU.Build.0 = Debug|Any CPU
		{F7DA23AF-9F1E-441A-8CCC-1A58219C349E}.Release|Any CPU.ActiveCfg = Release|Any CPU
		{F7DA23AF-9F1E-441A-8CCC-1A58219C349E}.Release|Any CPU.Build.0 = Release|Any CPU
	EndGlobalSection
	GlobalSection(SolutionProperties) = preSolution
		HideSolutionNode = FALSE
	EndGlobalSection
	GlobalSection(ExtensibilityGlobals) = postSolution
		SolutionGuid = {974283D1-C643-4657-ADA0-1C4721476EF0}
	EndGlobalSection
EndGlobal
